// !$*UTF8*$!
{
	archiveVersion = 1;
	classes = {
	};
	objectVersion = 46;
	objects = {

/* Begin PBXBuildFile section */
		C72A51DE1C8FC37C00CAF507 /* MensagemCell.swift in Sources */ = {isa = PBXBuildFile; fileRef = C72A51DD1C8FC37C00CAF507 /* MensagemCell.swift */; };
		C72DA19B1CAA421800F50407 /* ContatosViewController.swift in Sources */ = {isa = PBXBuildFile; fileRef = C72DA19A1CAA421800F50407 /* ContatosViewController.swift */; };
		C761E2BB1CA7CE070035C0E5 /* LoginViewController.swift in Sources */ = {isa = PBXBuildFile; fileRef = C761E2BA1CA7CE070035C0E5 /* LoginViewController.swift */; };
		C7736BBC1CE9597F00B11517 /* ComunicadoSimplesViewController.swift in Sources */ = {isa = PBXBuildFile; fileRef = C7736BBB1CE9597F00B11517 /* ComunicadoSimplesViewController.swift */; };
		C7736BBE1CE9610200B11517 /* ComunicadoComConfirmacao.swift in Sources */ = {isa = PBXBuildFile; fileRef = C7736BBD1CE9610200B11517 /* ComunicadoComConfirmacao.swift */; };
		C7736BC01CE9614B00B11517 /* ComunicadoComSimOuNao.swift in Sources */ = {isa = PBXBuildFile; fileRef = C7736BBF1CE9614B00B11517 /* ComunicadoComSimOuNao.swift */; };
		C7736BC21CEBF10D00B11517 /* DetalheConversaBaseViewController.swift in Sources */ = {isa = PBXBuildFile; fileRef = C7736BC11CEBF10D00B11517 /* DetalheConversaBaseViewController.swift */; };
		C7736BC41CF747D800B11517 /* Contexto.swift in Sources */ = {isa = PBXBuildFile; fileRef = C7736BC31CF747D700B11517 /* Contexto.swift */; };
		C7736BC71CF76D1700B11517 /* Alerta.swift in Sources */ = {isa = PBXBuildFile; fileRef = C7736BC61CF76D1700B11517 /* Alerta.swift */; };
		C7736BC91CF76F3A00B11517 /* Servico.swift in Sources */ = {isa = PBXBuildFile; fileRef = C7736BC81CF76F3A00B11517 /* Servico.swift */; };
		C7736BCB1CF76FA000B11517 /* Base64.swift in Sources */ = {isa = PBXBuildFile; fileRef = C7736BCA1CF76FA000B11517 /* Base64.swift */; };
		C7736BCD1CF7814900B11517 /* IndicadorCarregamento.swift in Sources */ = {isa = PBXBuildFile; fileRef = C7736BCC1CF7814900B11517 /* IndicadorCarregamento.swift */; };
		C792A9DA1CF956790062D7D0 /* ConversaCell.swift in Sources */ = {isa = PBXBuildFile; fileRef = C792A9D91CF956790062D7D0 /* ConversaCell.swift */; };
		C792A9DC1CFAB8DF0062D7D0 /* FormatacaoData.swift in Sources */ = {isa = PBXBuildFile; fileRef = C792A9DB1CFAB8DF0062D7D0 /* FormatacaoData.swift */; };
		C792A9DE1CFB78020062D7D0 /* Cor.swift in Sources */ = {isa = PBXBuildFile; fileRef = C792A9DD1CFB78020062D7D0 /* Cor.swift */; };
		E573D6E11C66E1220092E95D /* AppDelegate.swift in Sources */ = {isa = PBXBuildFile; fileRef = E573D6E01C66E1220092E95D /* AppDelegate.swift */; };
		E573D6E31C66E1220092E95D /* ConversaViewController.swift in Sources */ = {isa = PBXBuildFile; fileRef = E573D6E21C66E1220092E95D /* ConversaViewController.swift */; };
		E573D6E51C66E1220092E95D /* MensagemViewController.swift in Sources */ = {isa = PBXBuildFile; fileRef = E573D6E41C66E1220092E95D /* MensagemViewController.swift */; };
		E573D6E81C66E1220092E95D /* Main.storyboard in Resources */ = {isa = PBXBuildFile; fileRef = E573D6E61C66E1220092E95D /* Main.storyboard */; };
		E573D6EA1C66E1220092E95D /* Assets.xcassets in Resources */ = {isa = PBXBuildFile; fileRef = E573D6E91C66E1220092E95D /* Assets.xcassets */; };
		E573D6ED1C66E1220092E95D /* LaunchScreen.storyboard in Resources */ = {isa = PBXBuildFile; fileRef = E573D6EB1C66E1220092E95D /* LaunchScreen.storyboard */; };
		E573D6F81C66E2670092E95D /* Usuario.swift in Sources */ = {isa = PBXBuildFile; fileRef = E573D6F71C66E2670092E95D /* Usuario.swift */; };
		E573D6FA1C66E8960092E95D /* Mensagem.swift in Sources */ = {isa = PBXBuildFile; fileRef = E573D6F91C66E8960092E95D /* Mensagem.swift */; };
		E573D6FC1C66E8AF0092E95D /* Aluno.swift in Sources */ = {isa = PBXBuildFile; fileRef = E573D6FB1C66E8AF0092E95D /* Aluno.swift */; };
		E573D6FE1C66E8C50092E95D /* UsuarioConversa.swift in Sources */ = {isa = PBXBuildFile; fileRef = E573D6FD1C66E8C50092E95D /* UsuarioConversa.swift */; };
		E573D7001C66E8D10092E95D /* Conversa.swift in Sources */ = {isa = PBXBuildFile; fileRef = E573D6FF1C66E8D10092E95D /* Conversa.swift */; };
/* End PBXBuildFile section */

/* Begin PBXFileReference section */
		C72A51DD1C8FC37C00CAF507 /* MensagemCell.swift */ = {isa = PBXFileReference; fileEncoding = 4; lastKnownFileType = sourcecode.swift; path = MensagemCell.swift; sourceTree = "<group>"; };
		C72DA19A1CAA421800F50407 /* ContatosViewController.swift */ = {isa = PBXFileReference; fileEncoding = 4; lastKnownFileType = sourcecode.swift; path = ContatosViewController.swift; sourceTree = "<group>"; };
		C761E2BA1CA7CE070035C0E5 /* LoginViewController.swift */ = {isa = PBXFileReference; fileEncoding = 4; lastKnownFileType = sourcecode.swift; path = LoginViewController.swift; sourceTree = "<group>"; };
		C7736BBB1CE9597F00B11517 /* ComunicadoSimplesViewController.swift */ = {isa = PBXFileReference; fileEncoding = 4; lastKnownFileType = sourcecode.swift; path = ComunicadoSimplesViewController.swift; sourceTree = "<group>"; };
		C7736BBD1CE9610200B11517 /* ComunicadoComConfirmacao.swift */ = {isa = PBXFileReference; fileEncoding = 4; lastKnownFileType = sourcecode.swift; path = ComunicadoComConfirmacao.swift; sourceTree = "<group>"; };
		C7736BBF1CE9614B00B11517 /* ComunicadoComSimOuNao.swift */ = {isa = PBXFileReference; fileEncoding = 4; lastKnownFileType = sourcecode.swift; path = ComunicadoComSimOuNao.swift; sourceTree = "<group>"; };
		C7736BC11CEBF10D00B11517 /* DetalheConversaBaseViewController.swift */ = {isa = PBXFileReference; fileEncoding = 4; lastKnownFileType = sourcecode.swift; path = DetalheConversaBaseViewController.swift; sourceTree = "<group>"; };
		C7736BC31CF747D700B11517 /* Contexto.swift */ = {isa = PBXFileReference; fileEncoding = 4; lastKnownFileType = sourcecode.swift; name = Contexto.swift; path = ../Contexto.swift; sourceTree = "<group>"; };
		C7736BC61CF76D1700B11517 /* Alerta.swift */ = {isa = PBXFileReference; fileEncoding = 4; lastKnownFileType = sourcecode.swift; path = Alerta.swift; sourceTree = "<group>"; };
		C7736BC81CF76F3A00B11517 /* Servico.swift */ = {isa = PBXFileReference; fileEncoding = 4; lastKnownFileType = sourcecode.swift; path = Servico.swift; sourceTree = "<group>"; };
		C7736BCA1CF76FA000B11517 /* Base64.swift */ = {isa = PBXFileReference; fileEncoding = 4; lastKnownFileType = sourcecode.swift; path = Base64.swift; sourceTree = "<group>"; };
		C7736BCC1CF7814900B11517 /* IndicadorCarregamento.swift */ = {isa = PBXFileReference; fileEncoding = 4; lastKnownFileType = sourcecode.swift; path = IndicadorCarregamento.swift; sourceTree = "<group>"; };
		C792A9D91CF956790062D7D0 /* ConversaCell.swift */ = {isa = PBXFileReference; fileEncoding = 4; lastKnownFileType = sourcecode.swift; path = ConversaCell.swift; sourceTree = "<group>"; };
		C792A9DB1CFAB8DF0062D7D0 /* FormatacaoData.swift */ = {isa = PBXFileReference; fileEncoding = 4; lastKnownFileType = sourcecode.swift; path = FormatacaoData.swift; sourceTree = "<group>"; };
		C792A9DD1CFB78020062D7D0 /* Cor.swift */ = {isa = PBXFileReference; fileEncoding = 4; lastKnownFileType = sourcecode.swift; path = Cor.swift; sourceTree = "<group>"; };
		E573D6DD1C66E1220092E95D /* AgendaOnline.app */ = {isa = PBXFileReference; explicitFileType = wrapper.application; includeInIndex = 0; path = AgendaOnline.app; sourceTree = BUILT_PRODUCTS_DIR; };
		E573D6E01C66E1220092E95D /* AppDelegate.swift */ = {isa = PBXFileReference; lastKnownFileType = sourcecode.swift; name = AppDelegate.swift; path = AgendaOnline/AppDelegate.swift; sourceTree = "<group>"; };
		E573D6E21C66E1220092E95D /* ConversaViewController.swift */ = {isa = PBXFileReference; lastKnownFileType = sourcecode.swift; name = ConversaViewController.swift; path = AgendaOnline/ConversaViewController.swift; sourceTree = "<group>"; };
		E573D6E41C66E1220092E95D /* MensagemViewController.swift */ = {isa = PBXFileReference; lastKnownFileType = sourcecode.swift; name = MensagemViewController.swift; path = AgendaOnline/MensagemViewController.swift; sourceTree = "<group>"; };
		E573D6E71C66E1220092E95D /* Base */ = {isa = PBXFileReference; lastKnownFileType = file.storyboard; name = Base; path = Base.lproj/Main.storyboard; sourceTree = "<group>"; };
		E573D6E91C66E1220092E95D /* Assets.xcassets */ = {isa = PBXFileReference; lastKnownFileType = folder.assetcatalog; path = Assets.xcassets; sourceTree = "<group>"; };
		E573D6EC1C66E1220092E95D /* Base */ = {isa = PBXFileReference; lastKnownFileType = file.storyboard; name = Base; path = Base.lproj/LaunchScreen.storyboard; sourceTree = "<group>"; };
		E573D6EE1C66E1220092E95D /* Info.plist */ = {isa = PBXFileReference; lastKnownFileType = text.plist.xml; path = Info.plist; sourceTree = "<group>"; };
		E573D6F71C66E2670092E95D /* Usuario.swift */ = {isa = PBXFileReference; fileEncoding = 4; lastKnownFileType = sourcecode.swift; path = Usuario.swift; sourceTree = "<group>"; };
		E573D6F91C66E8960092E95D /* Mensagem.swift */ = {isa = PBXFileReference; fileEncoding = 4; lastKnownFileType = sourcecode.swift; path = Mensagem.swift; sourceTree = "<group>"; };
		E573D6FB1C66E8AF0092E95D /* Aluno.swift */ = {isa = PBXFileReference; fileEncoding = 4; lastKnownFileType = sourcecode.swift; path = Aluno.swift; sourceTree = "<group>"; };
		E573D6FD1C66E8C50092E95D /* UsuarioConversa.swift */ = {isa = PBXFileReference; fileEncoding = 4; lastKnownFileType = sourcecode.swift; path = UsuarioConversa.swift; sourceTree = "<group>"; };
		E573D6FF1C66E8D10092E95D /* Conversa.swift */ = {isa = PBXFileReference; fileEncoding = 4; lastKnownFileType = sourcecode.swift; path = Conversa.swift; sourceTree = "<group>"; };
/* End PBXFileReference section */

/* Begin PBXFrameworksBuildPhase section */
		E573D6DA1C66E1220092E95D /* Frameworks */ = {
			isa = PBXFrameworksBuildPhase;
			buildActionMask = 2147483647;
			files = (
			);
			runOnlyForDeploymentPostprocessing = 0;
		};
/* End PBXFrameworksBuildPhase section */

/* Begin PBXGroup section */
		C7736BC51CF76CFD00B11517 /* util */ = {
			isa = PBXGroup;
			children = (
				C7736BC61CF76D1700B11517 /* Alerta.swift */,
				C7736BC31CF747D700B11517 /* Contexto.swift */,
				C7736BC81CF76F3A00B11517 /* Servico.swift */,
				C7736BCA1CF76FA000B11517 /* Base64.swift */,
				C7736BCC1CF7814900B11517 /* IndicadorCarregamento.swift */,
				C792A9DB1CFAB8DF0062D7D0 /* FormatacaoData.swift */,
				C792A9DD1CFB78020062D7D0 /* Cor.swift */,
			);
			name = util;
			sourceTree = "<group>";
		};
		C792A9D81CF956400062D7D0 /* TemplateCelula */ = {
			isa = PBXGroup;
			children = (
				C72A51DD1C8FC37C00CAF507 /* MensagemCell.swift */,
				C792A9D91CF956790062D7D0 /* ConversaCell.swift */,
			);
			name = TemplateCelula;
			sourceTree = "<group>";
		};
		E573D6D41C66E1220092E95D = {
			isa = PBXGroup;
			children = (
				E573D6DF1C66E1220092E95D /* AgendaOnline */,
				E573D6DE1C66E1220092E95D /* Products */,
			);
			sourceTree = "<group>";
		};
		E573D6DE1C66E1220092E95D /* Products */ = {
			isa = PBXGroup;
			children = (
				E573D6DD1C66E1220092E95D /* AgendaOnline.app */,
			);
			name = Products;
			sourceTree = "<group>";
		};
		E573D6DF1C66E1220092E95D /* AgendaOnline */ = {
			isa = PBXGroup;
			children = (
				C7736BC51CF76CFD00B11517 /* util */,
				E573D6F61C66E18E0092E95D /* controllers */,
				E573D6F51C66E1880092E95D /* models */,
				E573D6F41C66E1710092E95D /* views */,
				E573D6E91C66E1220092E95D /* Assets.xcassets */,
				E573D6EE1C66E1220092E95D /* Info.plist */,
			);
			path = AgendaOnline;
			sourceTree = "<group>";
		};
		E573D6F41C66E1710092E95D /* views */ = {
			isa = PBXGroup;
			children = (
				C792A9D81CF956400062D7D0 /* TemplateCelula */,
				E573D6E61C66E1220092E95D /* Main.storyboard */,
				E573D6EB1C66E1220092E95D /* LaunchScreen.storyboard */,
			);
			name = views;
			path = ..;
			sourceTree = "<group>";
		};
		E573D6F51C66E1880092E95D /* models */ = {
			isa = PBXGroup;
			children = (
				E573D6F71C66E2670092E95D /* Usuario.swift */,
				E573D6F91C66E8960092E95D /* Mensagem.swift */,
				E573D6FB1C66E8AF0092E95D /* Aluno.swift */,
				E573D6FD1C66E8C50092E95D /* UsuarioConversa.swift */,
				E573D6FF1C66E8D10092E95D /* Conversa.swift */,
			);
			name = models;
			path = ..;
			sourceTree = "<group>";
		};
		E573D6F61C66E18E0092E95D /* controllers */ = {
			isa = PBXGroup;
			children = (
				E573D6E41C66E1220092E95D /* MensagemViewController.swift */,
				E573D6E21C66E1220092E95D /* ConversaViewController.swift */,
				E573D6E01C66E1220092E95D /* AppDelegate.swift */,
				C761E2BA1CA7CE070035C0E5 /* LoginViewController.swift */,
				C72DA19A1CAA421800F50407 /* ContatosViewController.swift */,
				C7736BBB1CE9597F00B11517 /* ComunicadoSimplesViewController.swift */,
				C7736BBD1CE9610200B11517 /* ComunicadoComConfirmacao.swift */,
				C7736BBF1CE9614B00B11517 /* ComunicadoComSimOuNao.swift */,
				C7736BC11CEBF10D00B11517 /* DetalheConversaBaseViewController.swift */,
			);
			name = controllers;
			path = ..;
			sourceTree = "<group>";
		};
/* End PBXGroup section */

/* Begin PBXNativeTarget section */
		E573D6DC1C66E1220092E95D /* AgendaOnline */ = {
			isa = PBXNativeTarget;
			buildConfigurationList = E573D6F11C66E1220092E95D /* Build configuration list for PBXNativeTarget "AgendaOnline" */;
			buildPhases = (
				E573D6D91C66E1220092E95D /* Sources */,
				E573D6DA1C66E1220092E95D /* Frameworks */,
				E573D6DB1C66E1220092E95D /* Resources */,
			);
			buildRules = (
			);
			dependencies = (
			);
			name = AgendaOnline;
			productName = AgendaOnline;
			productReference = E573D6DD1C66E1220092E95D /* AgendaOnline.app */;
			productType = "com.apple.product-type.application";
		};
/* End PBXNativeTarget section */

/* Begin PBXProject section */
		E573D6D51C66E1220092E95D /* Project object */ = {
			isa = PBXProject;
			attributes = {
				LastSwiftUpdateCheck = 0720;
				LastUpgradeCheck = 0720;
				ORGANIZATIONNAME = "Agenda Online";
				TargetAttributes = {
					E573D6DC1C66E1220092E95D = {
						CreatedOnToolsVersion = 7.2.1;
						DevelopmentTeam = 96P52QSAPK;
					};
				};
			};
			buildConfigurationList = E573D6D81C66E1220092E95D /* Build configuration list for PBXProject "AgendaOnline" */;
			compatibilityVersion = "Xcode 3.2";
			developmentRegion = English;
			hasScannedForEncodings = 0;
			knownRegions = (
				en,
				Base,
			);
			mainGroup = E573D6D41C66E1220092E95D;
			productRefGroup = E573D6DE1C66E1220092E95D /* Products */;
			projectDirPath = "";
			projectRoot = "";
			targets = (
				E573D6DC1C66E1220092E95D /* AgendaOnline */,
			);
		};
/* End PBXProject section */

/* Begin PBXResourcesBuildPhase section */
		E573D6DB1C66E1220092E95D /* Resources */ = {
			isa = PBXResourcesBuildPhase;
			buildActionMask = 2147483647;
			files = (
				E573D6ED1C66E1220092E95D /* LaunchScreen.storyboard in Resources */,
				E573D6EA1C66E1220092E95D /* Assets.xcassets in Resources */,
				E573D6E81C66E1220092E95D /* Main.storyboard in Resources */,
			);
			runOnlyForDeploymentPostprocessing = 0;
		};
/* End PBXResourcesBuildPhase section */

/* Begin PBXSourcesBuildPhase section */
		E573D6D91C66E1220092E95D /* Sources */ = {
			isa = PBXSourcesBuildPhase;
			buildActionMask = 2147483647;
			files = (
				C72DA19B1CAA421800F50407 /* ContatosViewController.swift in Sources */,
				E573D6FA1C66E8960092E95D /* Mensagem.swift in Sources */,
				E573D6F81C66E2670092E95D /* Usuario.swift in Sources */,
				C7736BCD1CF7814900B11517 /* IndicadorCarregamento.swift in Sources */,
				C792A9DC1CFAB8DF0062D7D0 /* FormatacaoData.swift in Sources */,
				C792A9DE1CFB78020062D7D0 /* Cor.swift in Sources */,
				C72A51DE1C8FC37C00CAF507 /* MensagemCell.swift in Sources */,
				C7736BC21CEBF10D00B11517 /* DetalheConversaBaseViewController.swift in Sources */,
				E573D7001C66E8D10092E95D /* Conversa.swift in Sources */,
				E573D6E51C66E1220092E95D /* MensagemViewController.swift in Sources */,
				C7736BCB1CF76FA000B11517 /* Base64.swift in Sources */,
				C7736BC41CF747D800B11517 /* Contexto.swift in Sources */,
				E573D6FC1C66E8AF0092E95D /* Aluno.swift in Sources */,
				C792A9DA1CF956790062D7D0 /* ConversaCell.swift in Sources */,
				C7736BC91CF76F3A00B11517 /* Servico.swift in Sources */,
				E573D6E11C66E1220092E95D /* AppDelegate.swift in Sources */,
				E573D6FE1C66E8C50092E95D /* UsuarioConversa.swift in Sources */,
				C761E2BB1CA7CE070035C0E5 /* LoginViewController.swift in Sources */,
				C7736BC01CE9614B00B11517 /* ComunicadoComSimOuNao.swift in Sources */,
				E573D6E31C66E1220092E95D /* ConversaViewController.swift in Sources */,
				C7736BBE1CE9610200B11517 /* ComunicadoComConfirmacao.swift in Sources */,
				C7736BC71CF76D1700B11517 /* Alerta.swift in Sources */,
				C7736BBC1CE9597F00B11517 /* ComunicadoSimplesViewController.swift in Sources */,
			);
			runOnlyForDeploymentPostprocessing = 0;
		};
/* End PBXSourcesBuildPhase section */

/* Begin PBXVariantGroup section */
		E573D6E61C66E1220092E95D /* Main.storyboard */ = {
			isa = PBXVariantGroup;
			children = (
				E573D6E71C66E1220092E95D /* Base */,
			);
			name = Main.storyboard;
			path = AgendaOnline;
			sourceTree = "<group>";
		};
		E573D6EB1C66E1220092E95D /* LaunchScreen.storyboard */ = {
			isa = PBXVariantGroup;
			children = (
				E573D6EC1C66E1220092E95D /* Base */,
			);
			name = LaunchScreen.storyboard;
			path = AgendaOnline;
			sourceTree = "<group>";
		};
/* End PBXVariantGroup section */

/* Begin XCBuildConfiguration section */
		E573D6EF1C66E1220092E95D /* Debug */ = {
			isa = XCBuildConfiguration;
			buildSettings = {
				ALWAYS_SEARCH_USER_PATHS = NO;
				CLANG_CXX_LANGUAGE_STANDARD = "gnu++0x";
				CLANG_CXX_LIBRARY = "libc++";
				CLANG_ENABLE_MODULES = YES;
				CLANG_ENABLE_OBJC_ARC = YES;
				CLANG_WARN_BOOL_CONVERSION = YES;
				CLANG_WARN_CONSTANT_CONVERSION = YES;
				CLANG_WARN_DIRECT_OBJC_ISA_USAGE = YES_ERROR;
				CLANG_WARN_EMPTY_BODY = YES;
				CLANG_WARN_ENUM_CONVERSION = YES;
				CLANG_WARN_INT_CONVERSION = YES;
				CLANG_WARN_OBJC_ROOT_CLASS = YES_ERROR;
				CLANG_WARN_UNREACHABLE_CODE = YES;
				CLANG_WARN__DUPLICATE_METHOD_MATCH = YES;
				"CODE_SIGN_IDENTITY[sdk=iphoneos*]" = "iPhone Developer";
				COPY_PHASE_STRIP = NO;
				DEBUG_INFORMATION_FORMAT = dwarf;
				ENABLE_STRICT_OBJC_MSGSEND = YES;
				ENABLE_TESTABILITY = YES;
				GCC_C_LANGUAGE_STANDARD = gnu99;
				GCC_DYNAMIC_NO_PIC = NO;
				GCC_NO_COMMON_BLOCKS = YES;
				GCC_OPTIMIZATION_LEVEL = 0;
				GCC_PREPROCESSOR_DEFINITIONS = (
					"DEBUG=1",
					"$(inherited)",
				);
				GCC_WARN_64_TO_32_BIT_CONVERSION = YES;
				GCC_WARN_ABOUT_RETURN_TYPE = YES_ERROR;
				GCC_WARN_UNDECLARED_SELECTOR = YES;
				GCC_WARN_UNINITIALIZED_AUTOS = YES_AGGRESSIVE;
				GCC_WARN_UNUSED_FUNCTION = YES;
				GCC_WARN_UNUSED_VARIABLE = YES;
				IPHONEOS_DEPLOYMENT_TARGET = 9.2;
				MTL_ENABLE_DEBUG_INFO = YES;
				ONLY_ACTIVE_ARCH = YES;
				SDKROOT = iphoneos;
				SWIFT_OPTIMIZATION_LEVEL = "-Onone";
				TARGETED_DEVICE_FAMILY = "1,2";
			};
			name = Debug;
		};
		E573D6F01C66E1220092E95D /* Release */ = {
			isa = XCBuildConfiguration;
			buildSettings = {
				ALWAYS_SEARCH_USER_PATHS = NO;
				CLANG_CXX_LANGUAGE_STANDARD = "gnu++0x";
				CLANG_CXX_LIBRARY = "libc++";
				CLANG_ENABLE_MODULES = YES;
				CLANG_ENABLE_OBJC_ARC = YES;
				CLANG_WARN_BOOL_CONVERSION = YES;
				CLANG_WARN_CONSTANT_CONVERSION = YES;
				CLANG_WARN_DIRECT_OBJC_ISA_USAGE = YES_ERROR;
				CLANG_WARN_EMPTY_BODY = YES;
				CLANG_WARN_ENUM_CONVERSION = YES;
				CLANG_WARN_INT_CONVERSION = YES;
				CLANG_WARN_OBJC_ROOT_CLASS = YES_ERROR;
				CLANG_WARN_UNREACHABLE_CODE = YES;
				CLANG_WARN__DUPLICATE_METHOD_MATCH = YES;
				"CODE_SIGN_IDENTITY[sdk=iphoneos*]" = "iPhone Developer";
				COPY_PHASE_STRIP = NO;
				DEBUG_INFORMATION_FORMAT = "dwarf-with-dsym";
				ENABLE_NS_ASSERTIONS = NO;
				ENABLE_STRICT_OBJC_MSGSEND = YES;
				GCC_C_LANGUAGE_STANDARD = gnu99;
				GCC_NO_COMMON_BLOCKS = YES;
				GCC_WARN_64_TO_32_BIT_CONVERSION = YES;
				GCC_WARN_ABOUT_RETURN_TYPE = YES_ERROR;
				GCC_WARN_UNDECLARED_SELECTOR = YES;
				GCC_WARN_UNINITIALIZED_AUTOS = YES_AGGRESSIVE;
				GCC_WARN_UNUSED_FUNCTION = YES;
				GCC_WARN_UNUSED_VARIABLE = YES;
				IPHONEOS_DEPLOYMENT_TARGET = 9.2;
				MTL_ENABLE_DEBUG_INFO = NO;
				SDKROOT = iphoneos;
				TARGETED_DEVICE_FAMILY = "1,2";
				VALIDATE_PRODUCT = YES;
			};
			name = Release;
		};
		E573D6F21C66E1220092E95D /* Debug */ = {
			isa = XCBuildConfiguration;
			buildSettings = {
				ASSETCATALOG_COMPILER_APPICON_NAME = AppIcon;
				INFOPLIST_FILE = AgendaOnline/Info.plist;
				LD_RUNPATH_SEARCH_PATHS = "$(inherited) @executable_path/Frameworks";
				PRODUCT_BUNDLE_IDENTIFIER = br.edu.up.AgendaOnline;
				PRODUCT_NAME = "$(TARGET_NAME)";
			};
			name = Debug;
		};
		E573D6F31C66E1220092E95D /* Release */ = {
			isa = XCBuildConfiguration;
			buildSettings = {
				ASSETCATALOG_COMPILER_APPICON_NAME = AppIcon;
				INFOPLIST_FILE = AgendaOnline/Info.plist;
				LD_RUNPATH_SEARCH_PATHS = "$(inherited) @executable_path/Frameworks";
				PRODUCT_BUNDLE_IDENTIFIER = br.edu.up.AgendaOnline;
				PRODUCT_NAME = "$(TARGET_NAME)";
			};
			name = Release;
		};
/* End XCBuildConfiguration section */

/* Begin XCConfigurationList section */
		E573D6D81C66E1220092E95D /* Build configuration list for PBXProject "AgendaOnline" */ = {
			isa = XCConfigurationList;
			buildConfigurations = (
				E573D6EF1C66E1220092E95D /* Debug */,
				E573D6F01C66E1220092E95D /* Release */,
			);
			defaultConfigurationIsVisible = 0;
			defaultConfigurationName = Release;
		};
		E573D6F11C66E1220092E95D /* Build configuration list for PBXNativeTarget "AgendaOnline" */ = {
			isa = XCConfigurationList;
			buildConfigurations = (
				E573D6F21C66E1220092E95D /* Debug */,
				E573D6F31C66E1220092E95D /* Release */,
			);
			defaultConfigurationIsVisible = 0;
			defaultConfigurationName = Release;
		};
/* End XCConfigurationList section */
	};
	rootObject = E573D6D51C66E1220092E95D /* Project object */;
}
